{
  "name": "jupyterlab-aispace",
  "version": "0.1.2",
  "lockfileVersion": 1,
  "dependencies": {
    "@jupyterlab/application": {
      "version": "https://registry.npmjs.org/@jupyterlab/application/-/application-0.4.0.tgz",
      "integrity": "sha1-K2auQemGpSPFo6yL/GOgb89+Xjc="
    },
    "@jupyterlab/apputils": {
      "version": "https://registry.npmjs.org/@jupyterlab/apputils/-/apputils-0.4.0.tgz",
      "integrity": "sha1-J6nNPzqzDOFHs1m+WNfe2dM5fWY="
    },
    "@jupyterlab/cells": {
      "version": "https://registry.npmjs.org/@jupyterlab/cells/-/cells-0.4.0.tgz",
      "integrity": "sha1-O0tCPXZmkNM5dWEgCa30dZO5sm0="
    },
    "@jupyterlab/codeeditor": {
      "version": "https://registry.npmjs.org/@jupyterlab/codeeditor/-/codeeditor-0.4.0.tgz",
      "integrity": "sha1-I15edns30EDG7/xDqs6+V0JKuK0="
    },
    "@jupyterlab/codemirror": {
      "version": "https://registry.npmjs.org/@jupyterlab/codemirror/-/codemirror-0.4.0.tgz",
      "integrity": "sha1-RUs/luSPxgVCTc6TsQSR4UDYPXk="
    },
    "@jupyterlab/coreutils": {
      "version": "https://registry.npmjs.org/@jupyterlab/coreutils/-/coreutils-0.4.0.tgz",
      "integrity": "sha1-s+m6wl8y+hfjfqi/OxSDM4sqmgA="
    },
    "@jupyterlab/docregistry": {
      "version": "https://registry.npmjs.org/@jupyterlab/docregistry/-/docregistry-0.4.0.tgz",
      "integrity": "sha1-HVGJ9rNKTpiHBLeFpuEtOrpH0C4="
    },
    "@jupyterlab/nbwidgets": {
      "version": "https://registry.npmjs.org/@jupyterlab/nbwidgets/-/nbwidgets-0.18.2.tgz",
      "integrity": "sha1-Z9vU1WrJrOFqKsb63UD2+kZ982U="
    },
    "@jupyterlab/notebook": {
      "version": "https://registry.npmjs.org/@jupyterlab/notebook/-/notebook-0.4.0.tgz",
      "integrity": "sha1-OrY1YK+X7ojzSBtsUNkH7tUaY3g="
    },
    "@jupyterlab/outputarea": {
      "version": "https://registry.npmjs.org/@jupyterlab/outputarea/-/outputarea-0.4.0.tgz",
      "integrity": "sha1-RRYPcdpZFUhvpmox6RAIy28gIYo="
    },
    "@jupyterlab/rendermime": {
      "version": "https://registry.npmjs.org/@jupyterlab/rendermime/-/rendermime-0.4.0.tgz",
      "integrity": "sha1-rvG/ZSWHZxiYUd7f4bWM65XdQd8="
    },
    "@jupyterlab/services": {
      "version": "https://registry.npmjs.org/@jupyterlab/services/-/services-0.43.0.tgz",
      "integrity": "sha1-smNiH/8QPtxV8xC5dKt1VmxGKsM="
    },
    "@phosphor/algorithm": {
      "version": "https://registry.npmjs.org/@phosphor/algorithm/-/algorithm-1.1.0.tgz",
      "integrity": "sha1-pQFAjuUq7SiJfPIfroDZqz4ponM="
    },
    "@phosphor/application": {
      "version": "https://registry.npmjs.org/@phosphor/application/-/application-1.2.0.tgz",
      "integrity": "sha1-QUvESNMH28/J1iGIJKsBHPI1Xhg="
    },
    "@phosphor/collections": {
      "version": "https://registry.npmjs.org/@phosphor/collections/-/collections-1.1.0.tgz",
      "integrity": "sha1-s6U1vYDma6CNjTYUa+XU8dhKCNY="
    },
    "@phosphor/commands": {
      "version": "https://registry.npmjs.org/@phosphor/commands/-/commands-1.2.0.tgz",
      "integrity": "sha1-OmSfgJdH5FbySR+IyashhwnqEWA="
    },
    "@phosphor/coreutils": {
      "version": "https://registry.npmjs.org/@phosphor/coreutils/-/coreutils-1.1.0.tgz",
      "integrity": "sha1-uJDjMPmHFVm4srWNBjBLHL+h5eQ="
    },
    "@phosphor/disposable": {
      "version": "https://registry.npmjs.org/@phosphor/disposable/-/disposable-1.1.0.tgz",
      "integrity": "sha1-siyAoUyJvH/ed7dSeCAqfLCkAnI="
    },
    "@phosphor/domutils": {
      "version": "https://registry.npmjs.org/@phosphor/domutils/-/domutils-1.1.0.tgz",
      "integrity": "sha1-kUSO98sl9tpfVkaSe9xEYzXo6PA="
    },
    "@phosphor/dragdrop": {
      "version": "https://registry.npmjs.org/@phosphor/dragdrop/-/dragdrop-1.1.0.tgz",
      "integrity": "sha1-Ls2vVoOCLRivWp2lwJ00BltqLj4="
    },
    "@phosphor/keyboard": {
      "version": "https://registry.npmjs.org/@phosphor/keyboard/-/keyboard-1.1.0.tgz",
      "integrity": "sha1-SpWYOFRW68J/yBPJEuCtnjhdM80="
    },
    "@phosphor/messaging": {
      "version": "https://registry.npmjs.org/@phosphor/messaging/-/messaging-1.2.0.tgz",
      "integrity": "sha1-RnCQqWd79dG8vnMWcWD11AQC0iY="
    },
    "@phosphor/properties": {
      "version": "https://registry.npmjs.org/@phosphor/properties/-/properties-1.1.0.tgz",
      "integrity": "sha1-woZ2VZR9FWd6r7bPzxLssoWeg/4="
    },
    "@phosphor/signaling": {
      "version": "https://registry.npmjs.org/@phosphor/signaling/-/signaling-1.2.0.tgz",
      "integrity": "sha1-2dnOSAosktbNimn0+53MN9d3ZuU="
    },
    "@phosphor/virtualdom": {
      "version": "https://registry.npmjs.org/@phosphor/virtualdom/-/virtualdom-1.1.0.tgz",
      "integrity": "sha1-Ui8t9B427y7Ja4PXzK7K0qZUmfs="
    },
    "@phosphor/widgets": {
      "version": "https://registry.npmjs.org/@phosphor/widgets/-/widgets-1.2.0.tgz",
      "integrity": "sha1-n8PJoEU4uCHD5r3XrKzDs/ZdBL0="
    },
    "@types/backbone": {
      "version": "https://registry.npmjs.org/@types/backbone/-/backbone-1.3.33.tgz",
      "integrity": "sha1-M6sucWGd0dWtxHe2iSkv7no01KM="
    },
    "@types/codemirror": {
      "version": "https://registry.npmjs.org/@types/codemirror/-/codemirror-0.0.38.tgz",
      "integrity": "sha1-0HrUW6ykmfNxUUVYV60IgEJ0CR4="
    },
    "@types/jquery": {
      "version": "https://registry.npmjs.org/@types/jquery/-/jquery-2.0.45.tgz",
      "integrity": "sha1-y5kTOqwdmXqCDWz3JYyRKRwKKt8="
    },
    "@types/marked": {
      "version": "https://registry.npmjs.org/@types/marked/-/marked-0.0.28.tgz",
      "integrity": "sha1-RLp1Tp+lFDJYPo6zCnxN0km1L6o="
    },
    "@types/mathjax": {
      "version": "https://registry.npmjs.org/@types/mathjax/-/mathjax-0.0.31.tgz",
      "integrity": "sha1-Zhi2VVCCMR7b4K00zZNAjrQzcNo="
    },
    "@types/minimist": {
      "version": "https://registry.npmjs.org/@types/minimist/-/minimist-1.2.0.tgz",
      "integrity": "sha1-aaI6OtKcrwCX8G7aWbNh7i8GOfY="
    },
    "@types/sanitize-html": {
      "version": "https://registry.npmjs.org/@types/sanitize-html/-/sanitize-html-1.13.31.tgz",
      "integrity": "sha1-bRBYHDAsVnhTIEH/VQLJYSHvF2w="
    },
    "@types/semver": {
      "version": "https://registry.npmjs.org/@types/semver/-/semver-5.3.31.tgz",
      "integrity": "sha1-uZnX2TX0P1IHsBsA094ghS9Mp18="
    },
    "@types/text-encoding": {
      "version": "https://registry.npmjs.org/@types/text-encoding/-/text-encoding-0.0.30.tgz",
      "integrity": "sha1-Kte8GShwlMnSdU0jjgmU3SmVeB8="
    },
    "@types/underscore": {
      "version": "https://registry.npmjs.org/@types/underscore/-/underscore-1.8.0.tgz",
      "integrity": "sha1-eiLvWE1v5Zry5Ae64Hnit/ilEC8="
    },
    "aispace": {
      "version": "https://registry.npmjs.org/aispace/-/aispace-0.1.0.tgz",
      "integrity": "sha1-TlYabsKSbk8iwfW0nCjeRR1YHPA=",
      "dependencies": {
        "@jupyterlab/services": {
          "version": "https://registry.npmjs.org/@jupyterlab/services/-/services-0.35.1.tgz",
          "integrity": "sha1-m8DpQLOBIxz9MDPYrb6Qynyv2/E="
        },
        "jupyter-js-widgets": {
          "version": "https://registry.npmjs.org/jupyter-js-widgets/-/jupyter-js-widgets-2.1.4.tgz",
          "integrity": "sha1-osjBnXBtef6yAubcMiG//J0djt8="
        },
        "jupyter-widgets-schema": {
          "version": "https://registry.npmjs.org/jupyter-widgets-schema/-/jupyter-widgets-schema-0.1.1.tgz",
          "integrity": "sha1-cqgTKBkUOTg+xFSWpPgYTZjIG0g="
        }
      }
    },
    "ajv": {
      "version": "https://registry.npmjs.org/ajv/-/ajv-4.11.8.tgz",
      "integrity": "sha1-gv+wKynmYq5TvcIK8VlHcGc5xTY="
    },
    "ansi_up": {
      "version": "https://registry.npmjs.org/ansi_up/-/ansi_up-1.3.0.tgz",
      "integrity": "sha1-yclGv8C5u16qBgaEvyq6r+aLvUQ="
    },
    "backbone": {
      "version": "https://registry.npmjs.org/backbone/-/backbone-1.2.0.tgz",
      "integrity": "sha1-q6UvKjyq4RfYcfoHTq38ntMZPuc="
    },
    "base64-js": {
      "version": "https://registry.npmjs.org/base64-js/-/base64-js-1.2.0.tgz",
      "integrity": "sha1-o5mS1yNYSBGYK+XikLtqU9hnAPE="
    },
    "buffer-shims": {
      "version": "https://registry.npmjs.org/buffer-shims/-/buffer-shims-1.0.0.tgz",
      "integrity": "sha1-mXjOMXOIxkmth5MCjDR37wRKi1E="
    },
    "co": {
      "version": "https://registry.npmjs.org/co/-/co-4.6.0.tgz",
      "integrity": "sha1-bqa989hTrlTMuOR7+gvz+QMfsYQ="
    },
    "codemirror": {
      "version": "https://registry.npmjs.org/codemirror/-/codemirror-5.26.0.tgz",
      "integrity": "sha1-vL7oaBbtEjhwwmBGHCtcQLaHRuU="
    },
    "commander": {
      "version": "https://registry.npmjs.org/commander/-/commander-2.9.0.tgz",
      "integrity": "sha1-nJkJQXbhIkDLItbFFGCYQA/g99Q="
    },
    "core-util-is": {
      "version": "https://registry.npmjs.org/core-util-is/-/core-util-is-1.0.2.tgz",
      "integrity": "sha1-tf1UIgqivFq1eqtxQMlAdUUDwac="
    },
    "d3": {
      "version": "https://registry.npmjs.org/d3/-/d3-4.9.1.tgz",
      "integrity": "sha1-+GC+klImGjwU7qZLHSWQ0U9NuDg=",
      "dependencies": {
        "d3-format": {
          "version": "https://registry.npmjs.org/d3-format/-/d3-format-1.2.0.tgz",
          "integrity": "sha1-a0gLqohohdRlHcJIqPSsnaFtsHo="
        }
      }
    },
    "d3-array": {
      "version": "https://registry.npmjs.org/d3-array/-/d3-array-1.2.0.tgz",
      "integrity": "sha1-FH0mlyDhdMQFen9CvosPPyulMQg="
    },
    "d3-axis": {
      "version": "https://registry.npmjs.org/d3-axis/-/d3-axis-1.0.7.tgz",
      "integrity": "sha1-BIQz0wcGH2LR0kjikwwB17ZzjNg="
    },
    "d3-brush": {
      "version": "https://registry.npmjs.org/d3-brush/-/d3-brush-1.0.4.tgz",
      "integrity": "sha1-AMLyOAGfJPbAoZSibUGhUw/+e8Q="
    },
    "d3-chord": {
      "version": "https://registry.npmjs.org/d3-chord/-/d3-chord-1.0.4.tgz",
      "integrity": "sha1-fexPC6iG9xP+ERxF92NBT290yiw="
    },
    "d3-collection": {
      "version": "https://registry.npmjs.org/d3-collection/-/d3-collection-1.0.3.tgz",
      "integrity": "sha1-AL3qlPvBYo1DWruuL03CFk433TQ="
    },
    "d3-color": {
      "version": "https://registry.npmjs.org/d3-color/-/d3-color-1.0.3.tgz",
      "integrity": "sha1-vHZD/KjlOoNH4vva/6I2eWtYUJs="
    },
    "d3-dispatch": {
      "version": "https://registry.npmjs.org/d3-dispatch/-/d3-dispatch-1.0.3.tgz",
      "integrity": "sha1-RuFJHqqbWMNY/OW+TovtYm54cfg="
    },
    "d3-drag": {
      "version": "https://registry.npmjs.org/d3-drag/-/d3-drag-1.1.0.tgz",
      "integrity": "sha1-Skm013pC6ePVoO87SSsUqqLlpzM="
    },
    "d3-dsv": {
      "version": "https://registry.npmjs.org/d3-dsv/-/d3-dsv-1.0.5.tgz",
      "integrity": "sha1-QZ99tH9ih4n8P9tjbmeESdCCETY="
    },
    "d3-ease": {
      "version": "https://registry.npmjs.org/d3-ease/-/d3-ease-1.0.3.tgz",
      "integrity": "sha1-aL+8NJM4o4DETYrMT7wzBKotjA4="
    },
    "d3-force": {
      "version": "https://registry.npmjs.org/d3-force/-/d3-force-1.0.6.tgz",
      "integrity": "sha1-6n4bdzDiZkzTFPWU1nGMV8wTK3k="
    },
    "d3-format": {
      "version": "https://registry.npmjs.org/d3-format/-/d3-format-0.5.1.tgz",
      "integrity": "sha1-lEfXyVyEsV00wTiXXb8EiaQS5AU="
    },
    "d3-geo": {
      "version": "https://registry.npmjs.org/d3-geo/-/d3-geo-1.6.4.tgz",
      "integrity": "sha1-8g4eRhyxhF9ai+Vatvh2VCp+MZk="
    },
    "d3-hierarchy": {
      "version": "https://registry.npmjs.org/d3-hierarchy/-/d3-hierarchy-1.1.4.tgz",
      "integrity": "sha1-lsOULz8hz5l6EbTt8A3eKne0xtA="
    },
    "d3-interpolate": {
      "version": "https://registry.npmjs.org/d3-interpolate/-/d3-interpolate-1.1.5.tgz",
      "integrity": "sha1-aeCZ/zkhRxblY8muw+qdHqS4p58="
    },
    "d3-path": {
      "version": "https://registry.npmjs.org/d3-path/-/d3-path-1.0.5.tgz",
      "integrity": "sha1-JB6xhJvZ6egCHA0KeZ+KDo5EF2Q="
    },
    "d3-polygon": {
      "version": "https://registry.npmjs.org/d3-polygon/-/d3-polygon-1.0.3.tgz",
      "integrity": "sha1-FoiOkCZGCTPysXllKtN4Ik04LGI="
    },
    "d3-quadtree": {
      "version": "https://registry.npmjs.org/d3-quadtree/-/d3-quadtree-1.0.3.tgz",
      "integrity": "sha1-rHmH4+I/6AWpkPKOG1DTj8uCJDg="
    },
    "d3-queue": {
      "version": "https://registry.npmjs.org/d3-queue/-/d3-queue-3.0.7.tgz",
      "integrity": "sha1-yTouVLQXwJWRKdfXP2z31Ckudhg="
    },
    "d3-random": {
      "version": "https://registry.npmjs.org/d3-random/-/d3-random-1.1.0.tgz",
      "integrity": "sha1-ZkLlBsb6OmSFldKyRpeIqNElKdM="
    },
    "d3-request": {
      "version": "https://registry.npmjs.org/d3-request/-/d3-request-1.0.5.tgz",
      "integrity": "sha1-TarpRtHdDVff4B8CKVY1SVjVHyM="
    },
    "d3-scale": {
      "version": "https://registry.npmjs.org/d3-scale/-/d3-scale-1.0.6.tgz",
      "integrity": "sha1-vOGdqA06DPQiyVQ64zIghiILNO0=",
      "dependencies": {
        "d3-format": {
          "version": "https://registry.npmjs.org/d3-format/-/d3-format-1.2.0.tgz",
          "integrity": "sha1-a0gLqohohdRlHcJIqPSsnaFtsHo="
        }
      }
    },
    "d3-selection": {
      "version": "https://registry.npmjs.org/d3-selection/-/d3-selection-1.1.0.tgz",
      "integrity": "sha1-GZhoSJZIj4OcoDchI9o08dMYgJw="
    },
    "d3-shape": {
      "version": "https://registry.npmjs.org/d3-shape/-/d3-shape-1.1.1.tgz",
      "integrity": "sha1-UKEDfkinn1uP2dWM3lJ5musfdyM="
    },
    "d3-time": {
      "version": "https://registry.npmjs.org/d3-time/-/d3-time-1.0.6.tgz",
      "integrity": "sha1-pVsT19FdOhYK6RcIIy4INfHV6UU="
    },
    "d3-time-format": {
      "version": "https://registry.npmjs.org/d3-time-format/-/d3-time-format-2.0.5.tgz",
      "integrity": "sha1-nXeAIE98kRnJFwsaVttN6aivly4="
    },
    "d3-timer": {
      "version": "https://registry.npmjs.org/d3-timer/-/d3-timer-1.0.5.tgz",
      "integrity": "sha1-smbUdscbDSaeesXzUrQQo7b+bvA="
    },
    "d3-transition": {
      "version": "https://registry.npmjs.org/d3-transition/-/d3-transition-1.1.0.tgz",
      "integrity": "sha1-z8hcdOUjkyQpBUZiNXKZBWDDlm8="
    },
    "d3-voronoi": {
      "version": "https://registry.npmjs.org/d3-voronoi/-/d3-voronoi-1.1.2.tgz",
      "integrity": "sha1-Fodmfo8TotFYyAwUgMWinLDYlzw="
    },
    "d3-zoom": {
      "version": "https://registry.npmjs.org/d3-zoom/-/d3-zoom-1.2.0.tgz",
      "integrity": "sha1-syMfT5OGJBR13v4cVXv9P94QZfs="
    },
    "dom-serializer": {
      "version": "https://registry.npmjs.org/dom-serializer/-/dom-serializer-0.1.0.tgz",
      "integrity": "sha1-BzxpdUbOB4DOI75KKOKT5AvDDII=",
      "dependencies": {
        "domelementtype": {
          "version": "https://registry.npmjs.org/domelementtype/-/domelementtype-1.1.3.tgz",
          "integrity": "sha1-vSh3PiZCiBrsUVRJJCmcXNgiGFs="
        }
      }
    },
    "domelementtype": {
      "version": "https://registry.npmjs.org/domelementtype/-/domelementtype-1.3.0.tgz",
      "integrity": "sha1-sXrtguirWeUt2cGbF1bg/BhyBMI="
    },
    "domhandler": {
      "version": "https://registry.npmjs.org/domhandler/-/domhandler-2.4.1.tgz",
      "integrity": "sha1-iS5HAAqZvlW783dP/qBWHYh5wlk="
    },
    "domutils": {
      "version": "https://registry.npmjs.org/domutils/-/domutils-1.6.2.tgz",
      "integrity": "sha1-GVjMC0yUJuntNn+xyOhUiRsPo/8="
    },
    "entities": {
      "version": "https://registry.npmjs.org/entities/-/entities-1.1.1.tgz",
      "integrity": "sha1-blwtClYhtdra7O+AuQ7ftc13cvA="
    },
    "font-awesome": {
      "version": "https://registry.npmjs.org/font-awesome/-/font-awesome-4.7.0.tgz",
      "integrity": "sha1-j6jPBBGhoxr9B7BtKQK7n8gVoTM="
    },
    "graceful-readlink": {
      "version": "https://registry.npmjs.org/graceful-readlink/-/graceful-readlink-1.0.1.tgz",
      "integrity": "sha1-TK+tdrxi8C+gObL5Tpo906ORpyU="
    },
    "htmlparser2": {
      "version": "https://registry.npmjs.org/htmlparser2/-/htmlparser2-3.9.2.tgz",
      "integrity": "sha1-G9+HrMoPP55T+k/M6w9LTLsAszg="
    },
    "iconv-lite": {
      "version": "https://registry.npmjs.org/iconv-lite/-/iconv-lite-0.4.17.tgz",
      "integrity": "sha1-T9qjs4rLwsAxsEXQ7c3+HsqxjI0="
    },
    "inherits": {
      "version": "https://registry.npmjs.org/inherits/-/inherits-2.0.3.tgz",
      "integrity": "sha1-Yzwsg+PaQqUC9SRmAiSA9CCCYd4="
    },
    "isarray": {
      "version": "https://registry.npmjs.org/isarray/-/isarray-1.0.0.tgz",
      "integrity": "sha1-u5NdSFgsuhaMBoNJV6VKPgcSTxE="
    },
    "jquery": {
      "version": "https://registry.npmjs.org/jquery/-/jquery-3.2.1.tgz",
      "integrity": "sha1-XE2d5lKvbNCncBVKYxu6ErAVx4c="
    },
    "jquery-ui": {
      "version": "https://registry.npmjs.org/jquery-ui/-/jquery-ui-1.12.1.tgz",
      "integrity": "sha1-vLQEXI3QU5wTS8FIjN0+dop6nlE="
    },
    "json-stable-stringify": {
      "version": "https://registry.npmjs.org/json-stable-stringify/-/json-stable-stringify-1.0.1.tgz",
      "integrity": "sha1-mnWdOcXy/1A/1TAGRu1EX4jE+a8="
    },
    "jsonify": {
      "version": "https://registry.npmjs.org/jsonify/-/jsonify-0.0.0.tgz",
      "integrity": "sha1-LHS27kHZPKUbe1qu6PUDYx0lKnM="
    },
    "jupyter-js-widgets": {
      "version": "https://registry.npmjs.org/jupyter-js-widgets/-/jupyter-js-widgets-3.0.0-alpha.5.tgz",
      "integrity": "sha1-im2ahTlVYfvuUiMQacu1w262Meg="
    },
    "jupyter-widgets-schema": {
      "version": "https://registry.npmjs.org/jupyter-widgets-schema/-/jupyter-widgets-schema-0.3.0-beta.2.tgz",
      "integrity": "sha1-UQEjbhvH0Y2v3RJUtB4PoNxmyvE="
    },
    "lolex": {
      "version": "https://registry.npmjs.org/lolex/-/lolex-1.6.0.tgz",
      "integrity": "sha1-OpoCg0UqR9dDnnJzG54H1zhuSfY="
    },
    "marked": {
      "version": "https://registry.npmjs.org/marked/-/marked-0.3.6.tgz",
      "integrity": "sha1-ssbGGPzOzk74bE/Gy4p8v1rtqNc="
    },
    "minimist": {
      "version": "https://registry.npmjs.org/minimist/-/minimist-1.2.0.tgz",
      "integrity": "sha1-o1AIsg9BOD7sH7kU9M1d95omQoQ="
    },
    "moment": {
      "version": "https://registry.npmjs.org/moment/-/moment-2.18.1.tgz",
      "integrity": "sha1-w2GT3Tzhwu7SrbfIAtu8d6gbHA8="
    },
    "path-posix": {
      "version": "https://registry.npmjs.org/path-posix/-/path-posix-1.0.0.tgz",
      "integrity": "sha1-BrJhE/Vr6rBCVFojv6iAA8ysJg8="
    },
    "phosphor": {
      "version": "https://registry.npmjs.org/phosphor/-/phosphor-0.7.1.tgz",
      "integrity": "sha1-+tEv6VaLyF6JxtVzJrpY0nodKyE="
    },
    "process-nextick-args": {
      "version": "https://registry.npmjs.org/process-nextick-args/-/process-nextick-args-1.0.7.tgz",
      "integrity": "sha1-FQ4gt1ZZCtP5EJPyWk8q2L/zC6M="
    },
    "punycode": {
      "version": "https://registry.npmjs.org/punycode/-/punycode-1.3.2.tgz",
      "integrity": "sha1-llOgNvt8HuQjQvIyXM7v6jkmxI0="
    },
    "querystring": {
      "version": "https://registry.npmjs.org/querystring/-/querystring-0.2.0.tgz",
      "integrity": "sha1-sgmEkgO7Jd+CDadW50cAWHhSFiA="
    },
    "querystringify": {
      "version": "https://registry.npmjs.org/querystringify/-/querystringify-1.0.0.tgz",
      "integrity": "sha1-YoYkIRLFtxL6ZU5SZlK/ahP/Bcs="
    },
    "readable-stream": {
      "version": "https://registry.npmjs.org/readable-stream/-/readable-stream-2.2.9.tgz",
      "integrity": "sha1-z3jsb0ptHrQ9JkiMrJfwQudLf8g="
    },
    "regexp-quote": {
      "version": "https://registry.npmjs.org/regexp-quote/-/regexp-quote-0.0.0.tgz",
      "integrity": "sha1-Hg9GUMhi3L/tVP1CsUjpuxch/PI="
    },
    "requires-port": {
      "version": "https://registry.npmjs.org/requires-port/-/requires-port-1.0.0.tgz",
      "integrity": "sha1-kl0mAdOaxIXgkc8NpcbmlNw9yv8="
    },
    "rw": {
      "version": "https://registry.npmjs.org/rw/-/rw-1.3.3.tgz",
      "integrity": "sha1-P4Yt+pGrdmsUiF700BEkv9oHT7Q="
    },
    "safe-buffer": {
      "version": "https://registry.npmjs.org/safe-buffer/-/safe-buffer-5.0.1.tgz",
      "integrity": "sha1-0mPKVGls2KMGtcplUekt5XkY++c="
    },
    "sanitize-html": {
      "version": "https://registry.npmjs.org/sanitize-html/-/sanitize-html-1.14.1.tgz",
      "integrity": "sha1-cw/6Ikm98YMz7/5FsoYXPJxa0Lg="
    },
    "scriptjs": {
      "version": "https://registry.npmjs.org/scriptjs/-/scriptjs-2.5.8.tgz",
      "integrity": "sha1-0MQ5VcLmutM7bk7fe1O4llqnyl8="
    },
    "semver": {
      "version": "https://registry.npmjs.org/semver/-/semver-5.3.0.tgz",
      "integrity": "sha1-myzl094C0XxgEq0yaqa00M9U+U8="
    },
    "string_decoder": {
      "version": "https://registry.npmjs.org/string_decoder/-/string_decoder-1.0.1.tgz",
      "integrity": "sha1-YuIA8DmVWmgQ2N8KM//A8BNmLZg="
    },
    "underscore": {
      "version": "https://registry.npmjs.org/underscore/-/underscore-1.8.3.tgz",
      "integrity": "sha1-Tz+1OxBuYJf8+ctBCfKl6b36UCI="
    },
    "url": {
      "version": "https://registry.npmjs.org/url/-/url-0.11.0.tgz",
      "integrity": "sha1-ODjpfPxgUh63PFJajlW/3Z4uKPE="
    },
    "url-join": {
      "version": "https://registry.npmjs.org/url-join/-/url-join-1.1.0.tgz",
      "integrity": "sha1-dBxsL0WWxIMNZxhGCSDQySIC3Hg="
    },
    "url-parse": {
      "version": "https://registry.npmjs.org/url-parse/-/url-parse-1.1.9.tgz",
      "integrity": "sha1-xn8dd11R8KGJEd17P/rSe7nlvRk="
    },
    "util-deprecate": {
      "version": "https://registry.npmjs.org/util-deprecate/-/util-deprecate-1.0.2.tgz",
      "integrity": "sha1-RQ1Nyfpw3nMnYvvS1KKJgUGaDM8="
    },
    "xmlhttprequest": {
      "version": "https://registry.npmjs.org/xmlhttprequest/-/xmlhttprequest-1.8.0.tgz",
      "integrity": "sha1-Z/4HXFwk/vOfnWX197f+dRcZaPw="
    },
    "xtend": {
      "version": "https://registry.npmjs.org/xtend/-/xtend-4.0.1.tgz",
      "integrity": "sha1-pcbVMr5lbiPbgg77lDofBJmNY68="
    }
  }
}
